{
  "name": "angular2-hotkeys",
  "version": "2.1.4",
  "lockfileVersion": 1,
  "requires": true,
  "dependencies": {
    "@angular/common": {
      "version": "4.2.5",
      "resolved": "https://registry.npmjs.org/@angular/common/-/common-4.2.5.tgz",
      "integrity": "sha1-TVCpW0RM1Yz3BvDandFAfTuDNi4=",
      "dev": true,
      "requires": {
        "tslib": "^1.7.1"
      }
    },
    "@angular/compiler": {
      "version": "4.2.5",
      "resolved": "https://registry.npmjs.org/@angular/compiler/-/compiler-4.2.5.tgz",
      "integrity": "sha1-tIZ0x0VrKw3xBy1w5OZnr4bN34M=",
      "dev": true,
      "requires": {
        "tslib": "^1.7.1"
      }
    },
    "@angular/compiler-cli": {
      "version": "4.2.5",
      "resolved": "https://registry.npmjs.org/@angular/compiler-cli/-/compiler-cli-4.2.5.tgz",
      "integrity": "sha1-OzltZa3oOA83EgHUNh/JYqSax2o=",
      "dev": true,
      "requires": {
        "@angular/tsc-wrapped": "4.2.5",
        "minimist": "^1.2.0",
        "reflect-metadata": "^0.1.2"
      }
    },
    "@angular/core": {
      "version": "4.2.5",
      "resolved": "https://registry.npmjs.org/@angular/core/-/core-4.2.5.tgz",
      "integrity": "sha1-YcG1iFwmIzLXN/vg9dcRUXWahGQ=",
      "dev": true,
      "requires": {
        "tslib": "^1.7.1"
      }
    },
    "@angular/tsc-wrapped": {
      "version": "4.2.5",
      "resolved": "https://registry.npmjs.org/@angular/tsc-wrapped/-/tsc-wrapped-4.2.5.tgz",
      "integrity": "sha1-Ci/CMwYXgNK+QCmWGHh4wng4t+M=",
      "dev": true,
      "requires": {
        "tsickle": "^0.21.0"
      }
    },
    "@types/core-js": {
      "version": "0.9.41",
      "resolved": "https://registry.npmjs.org/@types/core-js/-/core-js-0.9.41.tgz",
      "integrity": "sha1-z+zrY8K+qin4giUsfBjg6Ucf9OI=",
      "dev": true
    },
    "@types/mousetrap": {
      "version": "1.6.2",
      "resolved": "https://registry.npmjs.org/@types/mousetrap/-/mousetrap-1.6.2.tgz",
      "integrity": "sha512-m67PUdzoHJGmYJ6Fno4iXocl+azw9cuz8tdUG21M04UzMRUT1YfxPIIIt3lQkXLMGwlGSKXYNGxCOMxKlGegIw=="
    },
    "app-root-path": {
      "version": "2.2.1",
      "resolved": "https://registry.npmjs.org/app-root-path/-/app-root-path-2.2.1.tgz",
      "integrity": "sha512-91IFKeKk7FjfmezPKkwtaRvSpnUc4gDwPAjA1YZ9Gn0q0PPeW+vbeUsZuyDwjI7+QTHhcLen2v25fi/AmhvbJA==",
      "dev": true
    },
    "balanced-match": {
      "version": "1.0.0",
      "resolved": "https://registry.npmjs.org/balanced-match/-/balanced-match-1.0.0.tgz",
      "integrity": "sha1-ibTRmasr7kneFk6gK4nORi1xt2c=",
      "dev": true
    },
    "brace-expansion": {
      "version": "1.1.11",
      "resolved": "https://registry.npmjs.org/brace-expansion/-/brace-expansion-1.1.11.tgz",
      "integrity": "sha512-iCuPHDFgrHX7H2vEI/5xpz07zSHB00TpugqhmYtVmMO6518mCuRMoOYFldEBl0g187ufozdaHgWKcYFb61qGiA==",
      "dev": true,
      "requires": {
        "balanced-match": "^1.0.0",
        "concat-map": "0.0.1"
      }
    },
    "codelyzer": {
      "version": "3.0.1",
      "resolved": "https://registry.npmjs.org/codelyzer/-/codelyzer-3.0.1.tgz",
      "integrity": "sha1-uma3sqpWT+n0XWAEtAA60s8RaCg=",
      "dev": true,
      "requires": {
        "app-root-path": "^2.0.1",
        "css-selector-tokenizer": "^0.7.0",
        "cssauron": "^1.4.0",
        "semver-dsl": "^1.0.1",
        "source-map": "^0.5.6",
        "sprintf-js": "^1.0.3"
      }
    },
    "colors": {
      "version": "1.3.3",
      "resolved": "https://registry.npmjs.org/colors/-/colors-1.3.3.tgz",
      "integrity": "sha512-mmGt/1pZqYRjMxB1axhTo16/snVZ5krrKkcmMeVKxzECMMXoCgnvTPp10QgHfcbQZw8Dq2jMNG6je4JlWU0gWg==",
      "dev": true
    },
    "concat-map": {
      "version": "0.0.1",
      "resolved": "https://registry.npmjs.org/concat-map/-/concat-map-0.0.1.tgz",
      "integrity": "sha1-2Klr13/Wjfd5OnMDajug1UBdR3s=",
      "dev": true
    },
    "css-selector-tokenizer": {
      "version": "0.7.1",
      "resolved": "https://registry.npmjs.org/css-selector-tokenizer/-/css-selector-tokenizer-0.7.1.tgz",
      "integrity": "sha512-xYL0AMZJ4gFzJQsHUKa5jiWWi2vH77WVNg7JYRyewwj6oPh4yb/y6Y9ZCw9dsj/9UauMhtuxR+ogQd//EdEVNA==",
      "dev": true,
      "requires": {
        "cssesc": "^0.1.0",
        "fastparse": "^1.1.1",
        "regexpu-core": "^1.0.0"
      }
    },
    "cssauron": {
      "version": "1.4.0",
      "resolved": "https://registry.npmjs.org/cssauron/-/cssauron-1.4.0.tgz",
      "integrity": "sha1-pmAt/34EqDBtwNuaVR6S6LVmKtg=",
      "dev": true,
      "requires": {
        "through": "X.X.X"
      }
    },
    "cssesc": {
      "version": "0.1.0",
      "resolved": "https://registry.npmjs.org/cssesc/-/cssesc-0.1.0.tgz",
      "integrity": "sha1-yBSQPkViM3GgR3tAEJqq++6t27Q=",
      "dev": true
    },
    "diff": {
      "version": "2.2.3",
      "resolved": "https://registry.npmjs.org/diff/-/diff-2.2.3.tgz",
      "integrity": "sha1-YOr9DSjukG5Oj/ClLBIpUhAzv5k=",
      "dev": true
    },
    "fastparse": {
      "version": "1.1.2",
      "resolved": "https://registry.npmjs.org/fastparse/-/fastparse-1.1.2.tgz",
      "integrity": "sha512-483XLLxTVIwWK3QTrMGRqUfUpoOs/0hbQrl2oz4J0pAcm3A3bu84wxTFqGqkJzewCLdME38xJLJAxBABfQT8sQ==",
      "dev": true
    },
    "findup-sync": {
      "version": "0.3.0",
      "resolved": "https://registry.npmjs.org/findup-sync/-/findup-sync-0.3.0.tgz",
      "integrity": "sha1-N5MKpdgWt3fANEXhlmzGeQpMCxY=",
      "dev": true,
      "requires": {
        "glob": "~5.0.0"
      },
      "dependencies": {
        "glob": {
          "version": "5.0.15",
          "resolved": "https://registry.npmjs.org/glob/-/glob-5.0.15.tgz",
          "integrity": "sha1-G8k2ueAvSmA/zCIuz3Yz0wuLk7E=",
          "dev": true,
          "requires": {
            "inflight": "^1.0.4",
            "inherits": "2",
            "minimatch": "2 || 3",
            "once": "^1.3.0",
            "path-is-absolute": "^1.0.0"
          }
        }
      }
    },
    "fs.realpath": {
      "version": "1.0.0",
      "resolved": "https://registry.npmjs.org/fs.realpath/-/fs.realpath-1.0.0.tgz",
      "integrity": "sha1-FQStJSMVjKpA20onh8sBQRmU6k8=",
      "dev": true
    },
    "glob": {
      "version": "7.1.4",
      "resolved": "https://registry.npmjs.org/glob/-/glob-7.1.4.tgz",
      "integrity": "sha512-hkLPepehmnKk41pUGm3sYxoFs/umurYfYJCerbXEyFIWcAzvpipAgVkBqqT9RBKMGjnq6kMuyYwha6csxbiM1A==",
      "dev": true,
      "requires": {
        "fs.realpath": "^1.0.0",
        "inflight": "^1.0.4",
        "inherits": "2",
        "minimatch": "^3.0.4",
        "once": "^1.3.0",
        "path-is-absolute": "^1.0.0"
      }
    },
    "inflight": {
      "version": "1.0.6",
      "resolved": "https://registry.npmjs.org/inflight/-/inflight-1.0.6.tgz",
      "integrity": "sha1-Sb1jMdfQLQwJvJEKEHW6gWW1bfk=",
      "dev": true,
      "requires": {
        "once": "^1.3.0",
        "wrappy": "1"
      }
    },
    "inherits": {
      "version": "2.0.3",
      "resolved": "https://registry.npmjs.org/inherits/-/inherits-2.0.3.tgz",
      "integrity": "sha1-Yzwsg+PaQqUC9SRmAiSA9CCCYd4=",
      "dev": true
    },
    "jsesc": {
      "version": "0.5.0",
      "resolved": "https://registry.npmjs.org/jsesc/-/jsesc-0.5.0.tgz",
      "integrity": "sha1-597mbjXW/Bb3EP6R1c9p9w8IkR0=",
      "dev": true
    },
    "minimatch": {
      "version": "3.0.4",
      "resolved": "https://registry.npmjs.org/minimatch/-/minimatch-3.0.4.tgz",
      "integrity": "sha512-yJHVQEhyqPLUTgt9B83PXu6W3rx4MvvHvSUvToogpwoGDOUQ+yDrR0HRot+yOCdCO7u4hX3pWft6kWBBcqh0UA==",
      "dev": true,
      "requires": {
        "brace-expansion": "^1.1.7"
      }
    },
    "minimist": {
      "version": "1.2.0",
      "resolved": "https://registry.npmjs.org/minimist/-/minimist-1.2.0.tgz",
      "integrity": "sha1-o1AIsg9BOD7sH7kU9M1d95omQoQ=",
      "dev": true
    },
    "mkdirp": {
      "version": "0.5.1",
      "resolved": "https://registry.npmjs.org/mkdirp/-/mkdirp-0.5.1.tgz",
      "integrity": "sha1-MAV0OOrGz3+MR2fzhkjWaX11yQM=",
      "dev": true,
      "requires": {
        "minimist": "0.0.8"
      },
      "dependencies": {
        "minimist": {
          "version": "0.0.8",
          "resolved": "https://registry.npmjs.org/minimist/-/minimist-0.0.8.tgz",
          "integrity": "sha1-hX/Kv8M5fSYluCKCYuhqp6ARsF0=",
          "dev": true
        }
      }
    },
    "mousetrap": {
      "version": "1.6.3",
      "resolved": "https://registry.npmjs.org/mousetrap/-/mousetrap-1.6.3.tgz",
      "integrity": "sha512-bd+nzwhhs9ifsUrC2tWaSgm24/oo2c83zaRyZQF06hYA6sANfsXHtnZ19AbbbDXCDzeH5nZBSQ4NvCjgD62tJA=="
    },
    "once": {
      "version": "1.4.0",
      "resolved": "https://registry.npmjs.org/once/-/once-1.4.0.tgz",
      "integrity": "sha1-WDsap3WWHUsROsF9nFC6753Xa9E=",
      "dev": true,
      "requires": {
        "wrappy": "1"
      }
    },
    "optimist": {
      "version": "0.6.1",
      "resolved": "https://registry.npmjs.org/optimist/-/optimist-0.6.1.tgz",
      "integrity": "sha1-2j6nRob6IaGaERwybpDrFaAZZoY=",
      "dev": true,
      "requires": {
        "minimist": "~0.0.1",
        "wordwrap": "~0.0.2"
      },
      "dependencies": {
        "minimist": {
          "version": "0.0.10",
          "resolved": "https://registry.npmjs.org/minimist/-/minimist-0.0.10.tgz",
          "integrity": "sha1-3j+YVD2/lggr5IrRoMfNqDYwHc8=",
          "dev": true
        }
      }
    },
    "path-is-absolute": {
      "version": "1.0.1",
      "resolved": "https://registry.npmjs.org/path-is-absolute/-/path-is-absolute-1.0.1.tgz",
      "integrity": "sha1-F0uSaHNVNP+8es5r9TpanhtcX18=",
      "dev": true
    },
    "path-parse": {
      "version": "1.0.6",
      "resolved": "https://registry.npmjs.org/path-parse/-/path-parse-1.0.6.tgz",
      "integrity": "sha512-GSmOT2EbHrINBf9SR7CDELwlJ8AENk3Qn7OikK4nFYAu3Ote2+JYNVvkpAEQm3/TLNEJFD/xZJjzyxg3KBWOzw==",
      "dev": true
    },
    "reflect-metadata": {
      "version": "0.1.13",
      "resolved": "https://registry.npmjs.org/reflect-metadata/-/reflect-metadata-0.1.13.tgz",
      "integrity": "sha512-Ts1Y/anZELhSsjMcU605fU9RE4Oi3p5ORujwbIKXfWa+0Zxs510Qrmrce5/Jowq3cHSZSJqBjypxmHarc+vEWg==",
      "dev": true
    },
    "regenerate": {
      "version": "1.4.0",
      "resolved": "https://registry.npmjs.org/regenerate/-/regenerate-1.4.0.tgz",
      "integrity": "sha512-1G6jJVDWrt0rK99kBjvEtziZNCICAuvIPkSiUFIQxVP06RCVpq3dmDo2oi6ABpYaDYaTRr67BEhL8r1wgEZZKg==",
      "dev": true
    },
    "regexpu-core": {
      "version": "1.0.0",
      "resolved": "https://registry.npmjs.org/regexpu-core/-/regexpu-core-1.0.0.tgz",
      "integrity": "sha1-hqdj9Y7k18L2sQLkdkBQ3n7ZDGs=",
      "dev": true,
      "requires": {
        "regenerate": "^1.2.1",
        "regjsgen": "^0.2.0",
        "regjsparser": "^0.1.4"
      }
    },
    "regjsgen": {
      "version": "0.2.0",
      "resolved": "https://registry.npmjs.org/regjsgen/-/regjsgen-0.2.0.tgz",
      "integrity": "sha1-bAFq3qxVT3WCP+N6wFuS1aTtsfc=",
      "dev": true
    },
    "regjsparser": {
      "version": "0.1.5",
      "resolved": "https://registry.npmjs.org/regjsparser/-/regjsparser-0.1.5.tgz",
      "integrity": "sha1-fuj4Tcb6eS0/0K4ijSS9lJ6tIFw=",
      "dev": true,
      "requires": {
        "jsesc": "~0.5.0"
      }
    },
    "resolve": {
      "version": "1.11.0",
      "resolved": "https://registry.npmjs.org/resolve/-/resolve-1.11.0.tgz",
      "integrity": "sha512-WL2pBDjqT6pGUNSUzMw00o4T7If+z4H2x3Gz893WoUQ5KW8Vr9txp00ykiP16VBaZF5+j/OcXJHZ9+PCvdiDKw==",
      "dev": true,
      "requires": {
        "path-parse": "^1.0.6"
      }
    },
    "rxjs": {
      "version": "5.5.12",
      "resolved": "https://registry.npmjs.org/rxjs/-/rxjs-5.5.12.tgz",
      "integrity": "sha512-xx2itnL5sBbqeeiVgNPVuQQ1nC8Jp2WfNJhXWHmElW9YmrpS9UVnNzhP3EH3HFqexO5Tlp8GhYY+WEcqcVMvGw==",
      "dev": true,
      "requires": {
        "symbol-observable": "1.0.1"
      }
    },
    "semver": {
      "version": "5.7.0",
      "resolved": "https://registry.npmjs.org/semver/-/semver-5.7.0.tgz",
      "integrity": "sha512-Ya52jSX2u7QKghxeoFGpLwCtGlt7j0oY9DYb5apt9nPlJ42ID+ulTXESnt/qAQcoSERyZ5sl3LDIOw0nAn/5DA==",
      "dev": true
    },
    "semver-dsl": {
      "version": "1.0.1",
      "resolved": "https://registry.npmjs.org/semver-dsl/-/semver-dsl-1.0.1.tgz",
      "integrity": "sha1-02eN5VVeimH2Ke7QJTZq5fJzQKA=",
      "dev": true,
      "requires": {
        "semver": "^5.3.0"
      }
    },
    "source-map": {
      "version": "0.5.7",
      "resolved": "https://registry.npmjs.org/source-map/-/source-map-0.5.7.tgz",
      "integrity": "sha1-igOdLRAh0i0eoUyA2OpGi6LvP8w=",
      "dev": true
    },
    "source-map-support": {
      "version": "0.4.18",
      "resolved": "https://registry.npmjs.org/source-map-support/-/source-map-support-0.4.18.tgz",
      "integrity": "sha512-try0/JqxPLF9nOjvSta7tVondkP5dwgyLDjVoyMDlmjugT2lRZ1OfsrYTkCd2hkDnJTKRbO/Rl3orm8vlsUzbA==",
      "dev": true,
      "requires": {
        "source-map": "^0.5.6"
      }
    },
    "sprintf-js": {
      "version": "1.1.2",
      "resolved": "https://registry.npmjs.org/sprintf-js/-/sprintf-js-1.1.2.tgz",
      "integrity": "sha512-VE0SOVEHCk7Qc8ulkWw3ntAzXuqf7S2lvwQaDLRnUeIEaKNQJzV6BwmLKhOqT61aGhfUMrXeaBk+oDGCzvhcug==",
      "dev": true
    },
    "symbol-observable": {
      "version": "1.0.1",
      "resolved": "https://registry.npmjs.org/symbol-observable/-/symbol-observable-1.0.1.tgz",
      "integrity": "sha1-g0D8RwLDEi310iKI+IKD9RPT/dQ=",
      "dev": true
    },
    "through": {
      "version": "2.3.8",
      "resolved": "https://registry.npmjs.org/through/-/through-2.3.8.tgz",
      "integrity": "sha1-DdTJ/6q8NXlgsbckEV1+Doai4fU=",
      "dev": true
    },
    "tsickle": {
      "version": "0.21.6",
      "resolved": "https://registry.npmjs.org/tsickle/-/tsickle-0.21.6.tgz",
      "integrity": "sha1-U7Abl5xcE/2xOvs/uVgXflmRWI0=",
      "dev": true,
      "requires": {
        "minimist": "^1.2.0",
        "mkdirp": "^0.5.1",
        "source-map": "^0.5.6",
        "source-map-support": "^0.4.2"
      }
    },
    "tslib": {
      "version": "1.9.3",
      "resolved": "https://registry.npmjs.org/tslib/-/tslib-1.9.3.tgz",
      "integrity": "sha512-4krF8scpejhaOgqzBEcGM7yDIEfi0/8+8zDRZhNZZ2kjmHJ4hv3zCbQWxoJGz1iw5U0Jl0nma13xzHXcncMavQ==",
      "dev": true
    },
    "tslint": {
      "version": "3.15.1",
      "resolved": "https://registry.npmjs.org/tslint/-/tslint-3.15.1.tgz",
      "integrity": "sha1-2hZcqT2P3CwIa1EWXuG6y0jJjqU=",
      "dev": true,
      "requires": {
        "colors": "^1.1.2",
        "diff": "^2.2.1",
        "findup-sync": "~0.3.0",
        "glob": "^7.0.3",
        "optimist": "~0.6.0",
        "resolve": "^1.1.7",
        "underscore.string": "^3.3.4"
      }
    },
    "typescript": {
      "version": "2.3.4",
      "resolved": "https://registry.npmjs.org/typescript/-/typescript-2.3.4.tgz",
      "integrity": "sha1-PTgyGCgjHkNPKHUUlZw3qCtin0I=",
      "dev": true
    },
    "underscore.string": {
      "version": "3.3.5",
      "resolved": "https://registry.npmjs.org/underscore.string/-/underscore.string-3.3.5.tgz",
      "integrity": "sha512-g+dpmgn+XBneLmXXo+sGlW5xQEt4ErkS3mgeN2GFbremYeMBSJKr9Wf2KJplQVaiPY/f7FN6atosWYNm9ovrYg==",
      "dev": true,
      "requires": {
        "sprintf-js": "^1.0.3",
        "util-deprecate": "^1.0.2"
      }
    },
    "util-deprecate": {
      "version": "1.0.2",
      "resolved": "https://registry.npmjs.org/util-deprecate/-/util-deprecate-1.0.2.tgz",
      "integrity": "sha1-RQ1Nyfpw3nMnYvvS1KKJgUGaDM8=",
      "dev": true
    },
    "wordwrap": {
      "version": "0.0.3",
      "resolved": "https://registry.npmjs.org/wordwrap/-/wordwrap-0.0.3.tgz",
      "integrity": "sha1-o9XabNXAvAAI03I0u68b7WMFkQc=",
      "dev": true
    },
    "wrappy": {
      "version": "1.0.2",
      "resolved": "https://registry.npmjs.org/wrappy/-/wrappy-1.0.2.tgz",
      "integrity": "sha1-tSQ9jz7BqjXxNkYFvA0QNuMKtp8=",
      "dev": true
    },
    "zone.js": {
      "version": "0.8.29",
      "resolved": "https://registry.npmjs.org/zone.js/-/zone.js-0.8.29.tgz",
      "integrity": "sha512-mla2acNCMkWXBD+c+yeUrBUrzOxYMNFdQ6FGfigGGtEVBPJx07BQeJekjt9DmH1FtZek4E9rE1eRR9qQpxACOQ==",
      "dev": true
    }
  }
}
